
Microsoft Visual Studio Solution File, Format Version 12.00
# Visual Studio 2012
Project("{FAE04EC0-301F-11D3-BF4B-00C04F79EFBC}") = "GmailImap", "GmailImap\GmailImap.csproj", "{F7E6A193-84FB-4BC4-9A1C-6C2F0942350D}"
EndProject
Project("{FAE04EC0-301F-11D3-BF4B-00C04F79EFBC}") = "GmailImap.DAL", "GmailImap.DAL\GmailImap.DAL.csproj", "{BF9F87A9-0937-43BE-88DB-3898F9F2B022}"
EndProject
Project("{FAE04EC0-301F-11D3-BF4B-00C04F79EFBC}") = "GmailImapTests", "GmailImapTests\GmailImapTests.csproj", "{93964FE6-B32E-4BF7-B9AB-F43F89FB2E56}"
EndProject
Project("{FAE04EC0-301F-11D3-BF4B-00C04F79EFBC}") = "GmailImapXml", "GmailImapXml\GmailImapXml.csproj", "{DF8B44A5-1076-425B-9147-04600FCFFA98}"
EndProject
Project("{FAE04EC0-301F-11D3-BF4B-00C04F79EFBC}") = "BankStatementProvider", "BankStatementProvider\BankStatementProvider.csproj", "{E603011C-CD35-4401-BAE5-5B225A3DF2B2}"
EndProject
Global
	GlobalSection(SolutionConfigurationPlatforms) = preSolution
		Debug|Any CPU = Debug|Any CPU
		Release|Any CPU = Release|Any CPU
	EndGlobalSection
	GlobalSection(ProjectConfigurationPlatforms) = postSolution
		{F7E6A193-84FB-4BC4-9A1C-6C2F0942350D}.Debug|Any CPU.ActiveCfg = Debug|Any CPU
		{F7E6A193-84FB-4BC4-9A1C-6C2F0942350D}.Debug|Any CPU.Build.0 = Debug|Any CPU
		{F7E6A193-84FB-4BC4-9A1C-6C2F0942350D}.Release|Any CPU.ActiveCfg = Release|Any CPU
		{F7E6A193-84FB-4BC4-9A1C-6C2F0942350D}.Release|Any CPU.Build.0 = Release|Any CPU
		{BF9F87A9-0937-43BE-88DB-3898F9F2B022}.Debug|Any CPU.ActiveCfg = Debug|Any CPU
		{BF9F87A9-0937-43BE-88DB-3898F9F2B022}.Debug|Any CPU.Build.0 = Debug|Any CPU
		{BF9F87A9-0937-43BE-88DB-3898F9F2B022}.Release|Any CPU.ActiveCfg = Release|Any CPU
		{BF9F87A9-0937-43BE-88DB-3898F9F2B022}.Release|Any CPU.Build.0 = Release|Any CPU
		{93964FE6-B32E-4BF7-B9AB-F43F89FB2E56}.Debug|Any CPU.ActiveCfg = Debug|Any CPU
		{93964FE6-B32E-4BF7-B9AB-F43F89FB2E56}.Debug|Any CPU.Build.0 = Debug|Any CPU
		{93964FE6-B32E-4BF7-B9AB-F43F89FB2E56}.Release|Any CPU.ActiveCfg = Release|Any CPU
		{93964FE6-B32E-4BF7-B9AB-F43F89FB2E56}.Release|Any CPU.Build.0 = Release|Any CPU
		{DF8B44A5-1076-425B-9147-04600FCFFA98}.Debug|Any CPU.ActiveCfg = Debug|Any CPU
		{DF8B44A5-1076-425B-9147-04600FCFFA98}.Debug|Any CPU.Build.0 = Debug|Any CPU
		{DF8B44A5-1076-425B-9147-04600FCFFA98}.Release|Any CPU.ActiveCfg = Release|Any CPU
		{DF8B44A5-1076-425B-9147-04600FCFFA98}.Release|Any CPU.Build.0 = Release|Any CPU
		{E603011C-CD35-4401-BAE5-5B225A3DF2B2}.Debug|Any CPU.ActiveCfg = Debug|Any CPU
		{E603011C-CD35-4401-BAE5-5B225A3DF2B2}.Debug|Any CPU.Build.0 = Debug|Any CPU
		{E603011C-CD35-4401-BAE5-5B225A3DF2B2}.Release|Any CPU.ActiveCfg = Release|Any CPU
		{E603011C-CD35-4401-BAE5-5B225A3DF2B2}.Release|Any CPU.Build.0 = Release|Any CPU
	EndGlobalSection
	GlobalSection(SolutionProperties) = preSolution
		HideSolutionNode = FALSE
	EndGlobalSection
EndGlobal
